
Microsoft Visual Studio Solution File, Format Version 12.00
# Visual Studio Version 16
VisualStudioVersion = 16.0.29613.14
MinimumVisualStudioVersion = 10.0.40219.1
Project("{FAE04EC0-301F-11D3-BF4B-00C04F79EFBC}") = "TeleBotService", "TeleBotService\TeleBotService.csproj", "{77083B7E-C2A7-40F2-91BF-E9FB05AFDD0A}"
EndProject
Global
	GlobalSection(SolutionConfigurationPlatforms) = preSolution
		Debug|Any CPU = Debug|Any CPU
		Release|Any CPU = Release|Any CPU
	EndGlobalSection
	GlobalSection(ProjectConfigurationPlatforms) = postSolution
		{77083B7E-C2A7-40F2-91BF-E9FB05AFDD0A}.Debug|Any CPU.ActiveCfg = Debug|Any CPU
		{77083B7E-C2A7-40F2-91BF-E9FB05AFDD0A}.Debug|Any CPU.Build.0 = Debug|Any CPU
		{77083B7E-C2A7-40F2-91BF-E9FB05AFDD0A}.Release|Any CPU.ActiveCfg = Release|Any CPU
		{77083B7E-C2A7-40F2-91BF-E9FB05AFDD0A}.Release|Any CPU.Build.0 = Release|Any CPU
	EndGlobalSection
	GlobalSection(SolutionProperties) = preSolution
		HideSolutionNode = FALSE
	EndGlobalSection
	GlobalSection(ExtensibilityGlobals) = postSolution
		SolutionGuid = {D895E810-3664-4D53-8B82-607531332CE8}
	EndGlobalSection
EndGlobal
